
Microsoft Visual Studio Solution File, Format Version 12.00
# Visual Studio Version 16
VisualStudioVersion = 16.0.29123.88
MinimumVisualStudioVersion = 10.0.40219.1
Project("{FAE04EC0-301F-11D3-BF4B-00C04F79EFBC}") = "WPF PC", "WPF PC\WPF PC.csproj", "{2E37ADA4-7348-48E4-B8E1-D4C72492C4DF}"
EndProject
Project("{9A19103F-16F7-4668-BE54-9A1E7A4F7556}") = "Model", "Model\Model.csproj", "{486DFBC0-2B7D-4C56-940C-150E673F643A}"
EndProject
Project("{9A19103F-16F7-4668-BE54-9A1E7A4F7556}") = "Networking", "Networking\Networking.csproj", "{26CBC6B3-3005-40D1-9D2A-3A31129578EA}"
EndProject
Project("{9A19103F-16F7-4668-BE54-9A1E7A4F7556}") = "SAScanApp", "Prototype1\SAScanApp\SAScanApp.csproj", "{5EA54782-0A47-429F-A3D4-26951416AC0C}"
EndProject
Project("{FAE04EC0-301F-11D3-BF4B-00C04F79EFBC}") = "SAScanApp.Android", "Prototype1\SAScanApp.Android\SAScanApp.Android.csproj", "{5910D92B-D64E-47ED-8DB8-5034ADFD8E0B}"
EndProject
Project("{9A19103F-16F7-4668-BE54-9A1E7A4F7556}") = "Localization", "Language\Localization.csproj", "{28A15257-4CE6-4074-8AD8-9D4A9A034001}"
EndProject
Project("{9A19103F-16F7-4668-BE54-9A1E7A4F7556}") = "Central_Controller", "Controller\Central_Controller.csproj", "{66201624-4C47-47B3-B056-DAB6BE3DE5CD}"
EndProject
Project("{FAE04EC0-301F-11D3-BF4B-00C04F79EFBC}") = "Unit_Tests", "Unit_Tests\Unit_Tests.csproj", "{B64EF9A0-DA94-471E-9AE1-41C84973B3F6}"
EndProject
Project("{FAE04EC0-301F-11D3-BF4B-00C04F79EFBC}") = "SQL_DB_test_Frame", "SQL_DB_test_Frame\SQL_DB_test_Frame\SQL_DB_test_Frame.csproj", "{BBFE8076-7E77-4018-B0E5-224C5DD96548}"
EndProject
Global
	GlobalSection(SolutionConfigurationPlatforms) = preSolution
		App|Any CPU = App|Any CPU
		Debug|Any CPU = Debug|Any CPU
		Release|Any CPU = Release|Any CPU
	EndGlobalSection
	GlobalSection(ProjectConfigurationPlatforms) = postSolution
		{2E37ADA4-7348-48E4-B8E1-D4C72492C4DF}.App|Any CPU.ActiveCfg = App|Any CPU
		{2E37ADA4-7348-48E4-B8E1-D4C72492C4DF}.App|Any CPU.Build.0 = App|Any CPU
		{2E37ADA4-7348-48E4-B8E1-D4C72492C4DF}.Debug|Any CPU.ActiveCfg = Debug|Any CPU
		{2E37ADA4-7348-48E4-B8E1-D4C72492C4DF}.Debug|Any CPU.Build.0 = Debug|Any CPU
		{2E37ADA4-7348-48E4-B8E1-D4C72492C4DF}.Release|Any CPU.ActiveCfg = Release|Any CPU
		{2E37ADA4-7348-48E4-B8E1-D4C72492C4DF}.Release|Any CPU.Build.0 = Release|Any CPU
		{486DFBC0-2B7D-4C56-940C-150E673F643A}.App|Any CPU.ActiveCfg = App|Any CPU
		{486DFBC0-2B7D-4C56-940C-150E673F643A}.App|Any CPU.Build.0 = App|Any CPU
		{486DFBC0-2B7D-4C56-940C-150E673F643A}.Debug|Any CPU.ActiveCfg = Debug|Any CPU
		{486DFBC0-2B7D-4C56-940C-150E673F643A}.Debug|Any CPU.Build.0 = Debug|Any CPU
		{486DFBC0-2B7D-4C56-940C-150E673F643A}.Release|Any CPU.ActiveCfg = Release|Any CPU
		{486DFBC0-2B7D-4C56-940C-150E673F643A}.Release|Any CPU.Build.0 = Release|Any CPU
		{26CBC6B3-3005-40D1-9D2A-3A31129578EA}.App|Any CPU.ActiveCfg = App|Any CPU
		{26CBC6B3-3005-40D1-9D2A-3A31129578EA}.App|Any CPU.Build.0 = App|Any CPU
		{26CBC6B3-3005-40D1-9D2A-3A31129578EA}.Debug|Any CPU.ActiveCfg = Debug|Any CPU
		{26CBC6B3-3005-40D1-9D2A-3A31129578EA}.Debug|Any CPU.Build.0 = Debug|Any CPU
		{26CBC6B3-3005-40D1-9D2A-3A31129578EA}.Release|Any CPU.ActiveCfg = Release|Any CPU
		{26CBC6B3-3005-40D1-9D2A-3A31129578EA}.Release|Any CPU.Build.0 = Release|Any CPU
		{5EA54782-0A47-429F-A3D4-26951416AC0C}.App|Any CPU.ActiveCfg = App|Any CPU
		{5EA54782-0A47-429F-A3D4-26951416AC0C}.App|Any CPU.Build.0 = App|Any CPU
		{5EA54782-0A47-429F-A3D4-26951416AC0C}.Debug|Any CPU.ActiveCfg = Debug|Any CPU
		{5EA54782-0A47-429F-A3D4-26951416AC0C}.Debug|Any CPU.Build.0 = Debug|Any CPU
		{5EA54782-0A47-429F-A3D4-26951416AC0C}.Release|Any CPU.ActiveCfg = Release|Any CPU
		{5EA54782-0A47-429F-A3D4-26951416AC0C}.Release|Any CPU.Build.0 = Release|Any CPU
		{5910D92B-D64E-47ED-8DB8-5034ADFD8E0B}.App|Any CPU.ActiveCfg = App|Any CPU
		{5910D92B-D64E-47ED-8DB8-5034ADFD8E0B}.App|Any CPU.Build.0 = App|Any CPU
		{5910D92B-D64E-47ED-8DB8-5034ADFD8E0B}.App|Any CPU.Deploy.0 = App|Any CPU
		{5910D92B-D64E-47ED-8DB8-5034ADFD8E0B}.Debug|Any CPU.ActiveCfg = Debug|Any CPU
		{5910D92B-D64E-47ED-8DB8-5034ADFD8E0B}.Debug|Any CPU.Build.0 = Debug|Any CPU
		{5910D92B-D64E-47ED-8DB8-5034ADFD8E0B}.Debug|Any CPU.Deploy.0 = Debug|Any CPU
		{5910D92B-D64E-47ED-8DB8-5034ADFD8E0B}.Release|Any CPU.ActiveCfg = Release|Any CPU
		{5910D92B-D64E-47ED-8DB8-5034ADFD8E0B}.Release|Any CPU.Build.0 = Release|Any CPU
		{5910D92B-D64E-47ED-8DB8-5034ADFD8E0B}.Release|Any CPU.Deploy.0 = Release|Any CPU
		{28A15257-4CE6-4074-8AD8-9D4A9A034001}.App|Any CPU.ActiveCfg = App|Any CPU
		{28A15257-4CE6-4074-8AD8-9D4A9A034001}.App|Any CPU.Build.0 = App|Any CPU
		{28A15257-4CE6-4074-8AD8-9D4A9A034001}.Debug|Any CPU.ActiveCfg = Debug|Any CPU
		{28A15257-4CE6-4074-8AD8-9D4A9A034001}.Debug|Any CPU.Build.0 = Debug|Any CPU
		{28A15257-4CE6-4074-8AD8-9D4A9A034001}.Release|Any CPU.ActiveCfg = Release|Any CPU
		{28A15257-4CE6-4074-8AD8-9D4A9A034001}.Release|Any CPU.Build.0 = Release|Any CPU
		{66201624-4C47-47B3-B056-DAB6BE3DE5CD}.App|Any CPU.ActiveCfg = App|Any CPU
		{66201624-4C47-47B3-B056-DAB6BE3DE5CD}.App|Any CPU.Build.0 = App|Any CPU
		{66201624-4C47-47B3-B056-DAB6BE3DE5CD}.Debug|Any CPU.ActiveCfg = Debug|Any CPU
		{66201624-4C47-47B3-B056-DAB6BE3DE5CD}.Debug|Any CPU.Build.0 = Debug|Any CPU
		{66201624-4C47-47B3-B056-DAB6BE3DE5CD}.Release|Any CPU.ActiveCfg = Release|Any CPU
		{66201624-4C47-47B3-B056-DAB6BE3DE5CD}.Release|Any CPU.Build.0 = Release|Any CPU
		{B64EF9A0-DA94-471E-9AE1-41C84973B3F6}.App|Any CPU.ActiveCfg = App|Any CPU
		{B64EF9A0-DA94-471E-9AE1-41C84973B3F6}.App|Any CPU.Build.0 = App|Any CPU
		{B64EF9A0-DA94-471E-9AE1-41C84973B3F6}.Debug|Any CPU.ActiveCfg = Debug|Any CPU
		{B64EF9A0-DA94-471E-9AE1-41C84973B3F6}.Debug|Any CPU.Build.0 = Debug|Any CPU
		{B64EF9A0-DA94-471E-9AE1-41C84973B3F6}.Release|Any CPU.ActiveCfg = Release|Any CPU
		{B64EF9A0-DA94-471E-9AE1-41C84973B3F6}.Release|Any CPU.Build.0 = Release|Any CPU
		{BBFE8076-7E77-4018-B0E5-224C5DD96548}.App|Any CPU.ActiveCfg = Release|Any CPU
		{BBFE8076-7E77-4018-B0E5-224C5DD96548}.App|Any CPU.Build.0 = Release|Any CPU
		{BBFE8076-7E77-4018-B0E5-224C5DD96548}.Debug|Any CPU.ActiveCfg = Debug|Any CPU
		{BBFE8076-7E77-4018-B0E5-224C5DD96548}.Debug|Any CPU.Build.0 = Debug|Any CPU
		{BBFE8076-7E77-4018-B0E5-224C5DD96548}.Release|Any CPU.ActiveCfg = Release|Any CPU
		{BBFE8076-7E77-4018-B0E5-224C5DD96548}.Release|Any CPU.Build.0 = Release|Any CPU
	EndGlobalSection
	GlobalSection(SolutionProperties) = preSolution
		HideSolutionNode = FALSE
	EndGlobalSection
	GlobalSection(ExtensibilityGlobals) = postSolution
		SolutionGuid = {F55C8900-3AD3-4450-8545-864AB51638CB}
	EndGlobalSection
EndGlobal
